
Microsoft Visual Studio Solution File, Format Version 12.00
# Visual Studio Version 17
VisualStudioVersion = 17.4.33403.182
MinimumVisualStudioVersion = 10.0.40219.1
Project("{FAE04EC0-301F-11D3-BF4B-00C04F79EFBC}") = "DSA", "DSA\DSA.csproj", "{070DD541-902F-4DEC-BF94-0244E318AEB4}"
EndProject
Global
	GlobalSection(SolutionConfigurationPlatforms) = preSolution
		Debug|Any CPU = Debug|Any CPU
		Release|Any CPU = Release|Any CPU
	EndGlobalSection
	GlobalSection(ProjectConfigurationPlatforms) = postSolution
		{070DD541-902F-4DEC-BF94-0244E318AEB4}.Debug|Any CPU.ActiveCfg = Debug|Any CPU
		{070DD541-902F-4DEC-BF94-0244E318AEB4}.Debug|Any CPU.Build.0 = Debug|Any CPU
		{070DD541-902F-4DEC-BF94-0244E318AEB4}.Release|Any CPU.ActiveCfg = Release|Any CPU
		{070DD541-902F-4DEC-BF94-0244E318AEB4}.Release|Any CPU.Build.0 = Release|Any CPU
	EndGlobalSection
	GlobalSection(SolutionProperties) = preSolution
		HideSolutionNode = FALSE
	EndGlobalSection
	GlobalSection(ExtensibilityGlobals) = postSolution
		SolutionGuid = {DAEC88AE-4C05-49B3-A693-FD21BC30022B}
	EndGlobalSection
EndGlobal
